
Microsoft Visual Studio Solution File, Format Version 12.00
# Visual Studio Version 16
VisualStudioVersion = 16.0.31727.386
MinimumVisualStudioVersion = 10.0.40219.1
Project("{8BC9CEB8-8B4A-11D0-8D11-00A0C91BC942}") = "MathClient", "MathClient\MathClient.vcxproj", "{AD537467-3B3E-42DC-80A1-F8561152921C}"
EndProject
Global
	GlobalSection(SolutionConfigurationPlatforms) = preSolution
		Debug|x64 = Debug|x64
		Debug|x86 = Debug|x86
		Release|x64 = Release|x64
		Release|x86 = Release|x86
	EndGlobalSection
	GlobalSection(ProjectConfigurationPlatforms) = postSolution
		{AD537467-3B3E-42DC-80A1-F8561152921C}.Debug|x64.ActiveCfg = Debug|x64
		{AD537467-3B3E-42DC-80A1-F8561152921C}.Debug|x64.Build.0 = Debug|x64
		{AD537467-3B3E-42DC-80A1-F8561152921C}.Debug|x86.ActiveCfg = Debug|Win32
		{AD537467-3B3E-42DC-80A1-F8561152921C}.Debug|x86.Build.0 = Debug|Win32
		{AD537467-3B3E-42DC-80A1-F8561152921C}.Release|x64.ActiveCfg = Release|x64
		{AD537467-3B3E-42DC-80A1-F8561152921C}.Release|x64.Build.0 = Release|x64
		{AD537467-3B3E-42DC-80A1-F8561152921C}.Release|x86.ActiveCfg = Release|Win32
		{AD537467-3B3E-42DC-80A1-F8561152921C}.Release|x86.Build.0 = Release|Win32
	EndGlobalSection
	GlobalSection(SolutionProperties) = preSolution
		HideSolutionNode = FALSE
	EndGlobalSection
	GlobalSection(ExtensibilityGlobals) = postSolution
		SolutionGuid = {4426F155-B23F-4832-94A3-21D6DB1E1EDF}
	EndGlobalSection
EndGlobal
